
Microsoft Visual Studio Solution File, Format Version 12.00
# Visual Studio Version 17
VisualStudioVersion = 17.0.31903.59
MinimumVisualStudioVersion = 10.0.40219.1
Project("{2150E333-8FDC-42A3-9474-1A3956D46DE8}") = "src", "src", "{827E0CD3-B72D-47B6-A68D-7590B98EB39B}"
EndProject
Project("{FAE04EC0-301F-11D3-BF4B-00C04F79EFBC}") = "LLMHoney.Core", "src\LLMHoney.Core\LLMHoney.Core.csproj", "{3042EFDE-B3AB-48EC-82AE-7724A208BF03}"
EndProject
Project("{FAE04EC0-301F-11D3-BF4B-00C04F79EFBC}") = "LLMHoney.Core.Tests", "tests\LLMHoney.Core.Tests\LLMHoney.Core.Tests.csproj", "{4DB75E1D-02D2-4390-8368-A45D3AB5DBC0}"
EndProject
Project("{FAE04EC0-301F-11D3-BF4B-00C04F79EFBC}") = "LLMHoney.Llm.Abstractions", "src\LLMHoney.Llm.Abstractions\LLMHoney.Llm.Abstractions.csproj", "{BBD9DE07-3D25-4F84-9514-7E3A986702A8}"
EndProject
Project("{FAE04EC0-301F-11D3-BF4B-00C04F79EFBC}") = "LLMHoney.Llm.SemanticKernel", "src\LLMHoney.Llm.SemanticKernel\LLMHoney.Llm.SemanticKernel.csproj", "{9A89339D-1D14-4820-A859-C0796A9F3BCC}"
EndProject
Project("{FAE04EC0-301F-11D3-BF4B-00C04F79EFBC}") = "LLMHoney.Host", "src\LLMHoney.Host\LLMHoney.Host.csproj", "{8313FDA3-AF1F-4E75-9267-717FC6B1D142}"
EndProject
Global
	GlobalSection(SolutionConfigurationPlatforms) = preSolution
		Debug|Any CPU = Debug|Any CPU
		Debug|x64 = Debug|x64
		Debug|x86 = Debug|x86
		Release|Any CPU = Release|Any CPU
		Release|x64 = Release|x64
		Release|x86 = Release|x86
	EndGlobalSection
	GlobalSection(ProjectConfigurationPlatforms) = postSolution
		{3042EFDE-B3AB-48EC-82AE-7724A208BF03}.Debug|Any CPU.ActiveCfg = Debug|Any CPU
		{3042EFDE-B3AB-48EC-82AE-7724A208BF03}.Debug|Any CPU.Build.0 = Debug|Any CPU
		{3042EFDE-B3AB-48EC-82AE-7724A208BF03}.Debug|x64.ActiveCfg = Debug|Any CPU
		{3042EFDE-B3AB-48EC-82AE-7724A208BF03}.Debug|x64.Build.0 = Debug|Any CPU
		{3042EFDE-B3AB-48EC-82AE-7724A208BF03}.Debug|x86.ActiveCfg = Debug|Any CPU
		{3042EFDE-B3AB-48EC-82AE-7724A208BF03}.Debug|x86.Build.0 = Debug|Any CPU
		{3042EFDE-B3AB-48EC-82AE-7724A208BF03}.Release|Any CPU.ActiveCfg = Release|Any CPU
		{3042EFDE-B3AB-48EC-82AE-7724A208BF03}.Release|Any CPU.Build.0 = Release|Any CPU
		{3042EFDE-B3AB-48EC-82AE-7724A208BF03}.Release|x64.ActiveCfg = Release|Any CPU
		{3042EFDE-B3AB-48EC-82AE-7724A208BF03}.Release|x64.Build.0 = Release|Any CPU
		{3042EFDE-B3AB-48EC-82AE-7724A208BF03}.Release|x86.ActiveCfg = Release|Any CPU
		{3042EFDE-B3AB-48EC-82AE-7724A208BF03}.Release|x86.Build.0 = Release|Any CPU
		{4DB75E1D-02D2-4390-8368-A45D3AB5DBC0}.Debug|Any CPU.ActiveCfg = Debug|Any CPU
		{4DB75E1D-02D2-4390-8368-A45D3AB5DBC0}.Debug|Any CPU.Build.0 = Debug|Any CPU
		{4DB75E1D-02D2-4390-8368-A45D3AB5DBC0}.Debug|x64.ActiveCfg = Debug|Any CPU
		{4DB75E1D-02D2-4390-8368-A45D3AB5DBC0}.Debug|x64.Build.0 = Debug|Any CPU
		{4DB75E1D-02D2-4390-8368-A45D3AB5DBC0}.Debug|x86.ActiveCfg = Debug|Any CPU
		{4DB75E1D-02D2-4390-8368-A45D3AB5DBC0}.Debug|x86.Build.0 = Debug|Any CPU
		{4DB75E1D-02D2-4390-8368-A45D3AB5DBC0}.Release|Any CPU.ActiveCfg = Release|Any CPU
		{4DB75E1D-02D2-4390-8368-A45D3AB5DBC0}.Release|Any CPU.Build.0 = Release|Any CPU
		{4DB75E1D-02D2-4390-8368-A45D3AB5DBC0}.Release|x64.ActiveCfg = Release|Any CPU
		{4DB75E1D-02D2-4390-8368-A45D3AB5DBC0}.Release|x64.Build.0 = Release|Any CPU
		{4DB75E1D-02D2-4390-8368-A45D3AB5DBC0}.Release|x86.ActiveCfg = Release|Any CPU
		{4DB75E1D-02D2-4390-8368-A45D3AB5DBC0}.Release|x86.Build.0 = Release|Any CPU
		{BBD9DE07-3D25-4F84-9514-7E3A986702A8}.Debug|Any CPU.ActiveCfg = Debug|Any CPU
		{BBD9DE07-3D25-4F84-9514-7E3A986702A8}.Debug|Any CPU.Build.0 = Debug|Any CPU
		{BBD9DE07-3D25-4F84-9514-7E3A986702A8}.Debug|x64.ActiveCfg = Debug|Any CPU
		{BBD9DE07-3D25-4F84-9514-7E3A986702A8}.Debug|x64.Build.0 = Debug|Any CPU
		{BBD9DE07-3D25-4F84-9514-7E3A986702A8}.Debug|x86.ActiveCfg = Debug|Any CPU
		{BBD9DE07-3D25-4F84-9514-7E3A986702A8}.Debug|x86.Build.0 = Debug|Any CPU
		{BBD9DE07-3D25-4F84-9514-7E3A986702A8}.Release|Any CPU.ActiveCfg = Release|Any CPU
		{BBD9DE07-3D25-4F84-9514-7E3A986702A8}.Release|Any CPU.Build.0 = Release|Any CPU
		{BBD9DE07-3D25-4F84-9514-7E3A986702A8}.Release|x64.ActiveCfg = Release|Any CPU
		{BBD9DE07-3D25-4F84-9514-7E3A986702A8}.Release|x64.Build.0 = Release|Any CPU
		{BBD9DE07-3D25-4F84-9514-7E3A986702A8}.Release|x86.ActiveCfg = Release|Any CPU
		{BBD9DE07-3D25-4F84-9514-7E3A986702A8}.Release|x86.Build.0 = Release|Any CPU
		{9A89339D-1D14-4820-A859-C0796A9F3BCC}.Debug|Any CPU.ActiveCfg = Debug|Any CPU
		{9A89339D-1D14-4820-A859-C0796A9F3BCC}.Debug|Any CPU.Build.0 = Debug|Any CPU
		{9A89339D-1D14-4820-A859-C0796A9F3BCC}.Debug|x64.ActiveCfg = Debug|Any CPU
		{9A89339D-1D14-4820-A859-C0796A9F3BCC}.Debug|x64.Build.0 = Debug|Any CPU
		{9A89339D-1D14-4820-A859-C0796A9F3BCC}.Debug|x86.ActiveCfg = Debug|Any CPU
		{9A89339D-1D14-4820-A859-C0796A9F3BCC}.Debug|x86.Build.0 = Debug|Any CPU
		{9A89339D-1D14-4820-A859-C0796A9F3BCC}.Release|Any CPU.ActiveCfg = Release|Any CPU
		{9A89339D-1D14-4820-A859-C0796A9F3BCC}.Release|Any CPU.Build.0 = Release|Any CPU
		{9A89339D-1D14-4820-A859-C0796A9F3BCC}.Release|x64.ActiveCfg = Release|Any CPU
		{9A89339D-1D14-4820-A859-C0796A9F3BCC}.Release|x64.Build.0 = Release|Any CPU
		{9A89339D-1D14-4820-A859-C0796A9F3BCC}.Release|x86.ActiveCfg = Release|Any CPU
		{9A89339D-1D14-4820-A859-C0796A9F3BCC}.Release|x86.Build.0 = Release|Any CPU
		{8313FDA3-AF1F-4E75-9267-717FC6B1D142}.Debug|Any CPU.ActiveCfg = Debug|Any CPU
		{8313FDA3-AF1F-4E75-9267-717FC6B1D142}.Debug|Any CPU.Build.0 = Debug|Any CPU
		{8313FDA3-AF1F-4E75-9267-717FC6B1D142}.Debug|x64.ActiveCfg = Debug|Any CPU
		{8313FDA3-AF1F-4E75-9267-717FC6B1D142}.Debug|x64.Build.0 = Debug|Any CPU
		{8313FDA3-AF1F-4E75-9267-717FC6B1D142}.Debug|x86.ActiveCfg = Debug|Any CPU
		{8313FDA3-AF1F-4E75-9267-717FC6B1D142}.Debug|x86.Build.0 = Debug|Any CPU
		{8313FDA3-AF1F-4E75-9267-717FC6B1D142}.Release|Any CPU.ActiveCfg = Release|Any CPU
		{8313FDA3-AF1F-4E75-9267-717FC6B1D142}.Release|Any CPU.Build.0 = Release|Any CPU
		{8313FDA3-AF1F-4E75-9267-717FC6B1D142}.Release|x64.ActiveCfg = Release|Any CPU
		{8313FDA3-AF1F-4E75-9267-717FC6B1D142}.Release|x64.Build.0 = Release|Any CPU
		{8313FDA3-AF1F-4E75-9267-717FC6B1D142}.Release|x86.ActiveCfg = Release|Any CPU
		{8313FDA3-AF1F-4E75-9267-717FC6B1D142}.Release|x86.Build.0 = Release|Any CPU
	EndGlobalSection
	GlobalSection(SolutionProperties) = preSolution
		HideSolutionNode = FALSE
	EndGlobalSection
	GlobalSection(NestedProjects) = preSolution
		{3042EFDE-B3AB-48EC-82AE-7724A208BF03} = {827E0CD3-B72D-47B6-A68D-7590B98EB39B}
		{4DB75E1D-02D2-4390-8368-A45D3AB5DBC0} = {827E0CD3-B72D-47B6-A68D-7590B98EB39B}
		{BBD9DE07-3D25-4F84-9514-7E3A986702A8} = {827E0CD3-B72D-47B6-A68D-7590B98EB39B}
		{9A89339D-1D14-4820-A859-C0796A9F3BCC} = {827E0CD3-B72D-47B6-A68D-7590B98EB39B}
		{8313FDA3-AF1F-4E75-9267-717FC6B1D142} = {827E0CD3-B72D-47B6-A68D-7590B98EB39B}
	EndGlobalSection
EndGlobal
